
Microsoft Visual Studio Solution File, Format Version 12.00
# Visual Studio Version 17
VisualStudioVersion = 17.3.32901.215
MinimumVisualStudioVersion = 10.0.40219.1
Project("{9A19103F-16F7-4668-BE54-9A1E7A4F7556}") = "InputOutput", "InputOutput\InputOutput.csproj", "{DC35B06C-7872-41C6-B51F-E6440016532B}"
EndProject
Project("{FAE04EC0-301F-11D3-BF4B-00C04F79EFBC}") = "InputOutputTest", "InputOutputTest\InputOutputTest.csproj", "{EBB641E7-1C33-4DD6-A657-D3358FDA11BE}"
EndProject
Global
	GlobalSection(SolutionConfigurationPlatforms) = preSolution
		Debug|Any CPU = Debug|Any CPU
		Release|Any CPU = Release|Any CPU
	EndGlobalSection
	GlobalSection(ProjectConfigurationPlatforms) = postSolution
		{DC35B06C-7872-41C6-B51F-E6440016532B}.Debug|Any CPU.ActiveCfg = Debug|Any CPU
		{DC35B06C-7872-41C6-B51F-E6440016532B}.Debug|Any CPU.Build.0 = Debug|Any CPU
		{DC35B06C-7872-41C6-B51F-E6440016532B}.Release|Any CPU.ActiveCfg = Release|Any CPU
		{DC35B06C-7872-41C6-B51F-E6440016532B}.Release|Any CPU.Build.0 = Release|Any CPU
		{EBB641E7-1C33-4DD6-A657-D3358FDA11BE}.Debug|Any CPU.ActiveCfg = Debug|Any CPU
		{EBB641E7-1C33-4DD6-A657-D3358FDA11BE}.Debug|Any CPU.Build.0 = Debug|Any CPU
		{EBB641E7-1C33-4DD6-A657-D3358FDA11BE}.Release|Any CPU.ActiveCfg = Release|Any CPU
		{EBB641E7-1C33-4DD6-A657-D3358FDA11BE}.Release|Any CPU.Build.0 = Release|Any CPU
	EndGlobalSection
	GlobalSection(SolutionProperties) = preSolution
		HideSolutionNode = FALSE
	EndGlobalSection
	GlobalSection(ExtensibilityGlobals) = postSolution
		SolutionGuid = {3FAE8B87-2388-4DF7-8688-E46C6ECA7E44}
	EndGlobalSection
EndGlobal
